
Microsoft Visual Studio Solution File, Format Version 12.00
# Visual Studio Version 17
VisualStudioVersion = 17.8.34330.188
MinimumVisualStudioVersion = 10.0.40219.1
Project("{FAE04EC0-301F-11D3-BF4B-00C04F79EFBC}") = "lr_11", "lr_11\lr_11.csproj", "{D3A2AE5E-EAF3-4E04-8C11-3931AA56AF5D}"
EndProject
Global
	GlobalSection(SolutionConfigurationPlatforms) = preSolution
		Debug|Any CPU = Debug|Any CPU
		Release|Any CPU = Release|Any CPU
	EndGlobalSection
	GlobalSection(ProjectConfigurationPlatforms) = postSolution
		{D3A2AE5E-EAF3-4E04-8C11-3931AA56AF5D}.Debug|Any CPU.ActiveCfg = Debug|Any CPU
		{D3A2AE5E-EAF3-4E04-8C11-3931AA56AF5D}.Debug|Any CPU.Build.0 = Debug|Any CPU
		{D3A2AE5E-EAF3-4E04-8C11-3931AA56AF5D}.Release|Any CPU.ActiveCfg = Release|Any CPU
		{D3A2AE5E-EAF3-4E04-8C11-3931AA56AF5D}.Release|Any CPU.Build.0 = Release|Any CPU
	EndGlobalSection
	GlobalSection(SolutionProperties) = preSolution
		HideSolutionNode = FALSE
	EndGlobalSection
	GlobalSection(ExtensibilityGlobals) = postSolution
		SolutionGuid = {9FDA816F-93CC-49B9-9E6A-4F115839CF45}
	EndGlobalSection
EndGlobal
