
Microsoft Visual Studio Solution File, Format Version 12.00
# Visual Studio Version 17
VisualStudioVersion = 17.8.34330.188
MinimumVisualStudioVersion = 10.0.40219.1
Project("{FAE04EC0-301F-11D3-BF4B-00C04F79EFBC}") = "lr_3", "lr_3\lr_3.csproj", "{57516184-5912-48D2-BC37-2731E1FA0255}"
EndProject
Global
	GlobalSection(SolutionConfigurationPlatforms) = preSolution
		Debug|Any CPU = Debug|Any CPU
		Release|Any CPU = Release|Any CPU
	EndGlobalSection
	GlobalSection(ProjectConfigurationPlatforms) = postSolution
		{57516184-5912-48D2-BC37-2731E1FA0255}.Debug|Any CPU.ActiveCfg = Debug|Any CPU
		{57516184-5912-48D2-BC37-2731E1FA0255}.Debug|Any CPU.Build.0 = Debug|Any CPU
		{57516184-5912-48D2-BC37-2731E1FA0255}.Release|Any CPU.ActiveCfg = Release|Any CPU
		{57516184-5912-48D2-BC37-2731E1FA0255}.Release|Any CPU.Build.0 = Release|Any CPU
	EndGlobalSection
	GlobalSection(SolutionProperties) = preSolution
		HideSolutionNode = FALSE
	EndGlobalSection
	GlobalSection(ExtensibilityGlobals) = postSolution
		SolutionGuid = {E144BBF7-12E7-44C6-9A0C-D15EA057731A}
	EndGlobalSection
EndGlobal
